// !$*UTF8*$!
{
	archiveVersion = 1;
	classes = {
	};
	objectVersion = 46;
	objects = {

/* Begin PBXBuildFile section */
		293C95761A34B217005DD4CE /* AppDelegate.swift in Sources */ = {isa = PBXBuildFile; fileRef = 293C95751A34B217005DD4CE /* AppDelegate.swift */; };
		293C95781A34B217005DD4CE /* MonitoringViewController.swift in Sources */ = {isa = PBXBuildFile; fileRef = 293C95771A34B217005DD4CE /* MonitoringViewController.swift */; };
		293C957A1A34B217005DD4CE /* LogViewController.swift in Sources */ = {isa = PBXBuildFile; fileRef = 293C95791A34B217005DD4CE /* LogViewController.swift */; };
		293C957D1A34B217005DD4CE /* Main.storyboard in Resources */ = {isa = PBXBuildFile; fileRef = 293C957B1A34B217005DD4CE /* Main.storyboard */; };
		293C957F1A34B217005DD4CE /* Images.xcassets in Resources */ = {isa = PBXBuildFile; fileRef = 293C957E1A34B217005DD4CE /* Images.xcassets */; };
		293C95821A34B217005DD4CE /* LaunchScreen.xib in Resources */ = {isa = PBXBuildFile; fileRef = 293C95801A34B217005DD4CE /* LaunchScreen.xib */; };
		293C958E1A34B217005DD4CE /* iOsmoTests.swift in Sources */ = {isa = PBXBuildFile; fileRef = 293C958D1A34B217005DD4CE /* iOsmoTests.swift */; };
		293C95A31A34C3CF005DD4CE /* LogQueue.m in Sources */ = {isa = PBXBuildFile; fileRef = 293C95A01A34C3CF005DD4CE /* LogQueue.m */; };
		293C95B61A34F63B005DD4CE /* settings.plist in Resources */ = {isa = PBXBuildFile; fileRef = 293C95B51A34F63B005DD4CE /* settings.plist */; };
		293C95BC1A3C660F005DD4CE /* ConnectionManager.swift in Sources */ = {isa = PBXBuildFile; fileRef = 293C95BB1A3C660F005DD4CE /* ConnectionManager.swift */; };
		293C95C21A3C665E005DD4CE /* ConnectionProtocol.swift in Sources */ = {isa = PBXBuildFile; fileRef = 293C95C11A3C665E005DD4CE /* ConnectionProtocol.swift */; };
		293C95C41A3C6FB1005DD4CE /* LocationModel.swift in Sources */ = {isa = PBXBuildFile; fileRef = 293C95C31A3C6FB1005DD4CE /* LocationModel.swift */; };
		293C95C61A3C7FAE005DD4CE /* Enums.swift in Sources */ = {isa = PBXBuildFile; fileRef = 293C95C51A3C7FAE005DD4CE /* Enums.swift */; };
		293C95C81A3D0717005DD4CE /* ConnectionHelperOld.swift in Sources */ = {isa = PBXBuildFile; fileRef = 293C95C71A3D0717005DD4CE /* ConnectionHelperOld.swift */; };
		293C95CA1A3D2AA0005DD4CE /* SettingManager.swift in Sources */ = {isa = PBXBuildFile; fileRef = 293C95C91A3D2AA0005DD4CE /* SettingManager.swift */; };
		293C95CD1A3E3660005DD4CE /* Token.swift in Sources */ = {isa = PBXBuildFile; fileRef = 293C95CC1A3E3660005DD4CE /* Token.swift */; };
		29520AB11AD17E2400CC4136 /* ObserverSet.swift in Sources */ = {isa = PBXBuildFile; fileRef = 29520AB01AD17E2400CC4136 /* ObserverSet.swift */; };
		29520AB61AD4838500CC4136 /* GroupManager.swift in Sources */ = {isa = PBXBuildFile; fileRef = 29520AB51AD4838500CC4136 /* GroupManager.swift */; };
		29520AB81AD5D79100CC4136 /* Group.swift in Sources */ = {isa = PBXBuildFile; fileRef = 29520AB71AD5D79100CC4136 /* Group.swift */; };
		29520ABA1AD5D7E700CC4136 /* User.swift in Sources */ = {isa = PBXBuildFile; fileRef = 29520AB91AD5D7E700CC4136 /* User.swift */; };
		2982CFB41AC21CC60070A090 /* TcpClient.swift in Sources */ = {isa = PBXBuildFile; fileRef = 2982CFB31AC21CC60070A090 /* TcpClient.swift */; };
		2982CFB61AC230320070A090 /* TcpConnection.swift in Sources */ = {isa = PBXBuildFile; fileRef = 2982CFB51AC230320070A090 /* TcpConnection.swift */; };
		2982CFB91AC89E740070A090 /* SessionStatus.swift in Sources */ = {isa = PBXBuildFile; fileRef = 2982CFB81AC89E740070A090 /* SessionStatus.swift */; };
		2982CFBB1AC89E8E0070A090 /* SessionManager.swift in Sources */ = {isa = PBXBuildFile; fileRef = 2982CFBA1AC89E8E0070A090 /* SessionManager.swift */; };
		29CCA6241B1676AB00DA0C83 /* Extensions.swift in Sources */ = {isa = PBXBuildFile; fileRef = 29CCA6231B1676AB00DA0C83 /* Extensions.swift */; };
		29CD670A1ACB6EA000656860 /* SessionTimer.swift in Sources */ = {isa = PBXBuildFile; fileRef = 29CD67091ACB6EA000656860 /* SessionTimer.swift */; };
		29CDE0851A61911900CC5628 /* SettingsViewController.swift in Sources */ = {isa = PBXBuildFile; fileRef = 29CDE0841A61911900CC5628 /* SettingsViewController.swift */; };
		29CED6BB1A5CB63D008D865A /* Screen Shot 2015-01-07 at 00.10.05.png in Resources */ = {isa = PBXBuildFile; fileRef = 29CED6BA1A5CB63D008D865A /* Screen Shot 2015-01-07 at 00.10.05.png */; };
		29CED6BD1A5CB659008D865A /* Screen Shot 2015-01-07 at 00.09.29.png in Resources */ = {isa = PBXBuildFile; fileRef = 29CED6BC1A5CB659008D865A /* Screen Shot 2015-01-07 at 00.09.29.png */; };
		29DAF9491A703BF200188D8A /* SessionModel.swift in Sources */ = {isa = PBXBuildFile; fileRef = 29DAF9481A703BF200188D8A /* SessionModel.swift */; };
		29F293E11AED989600B6AF8A /* Coordinate.swift in Sources */ = {isa = PBXBuildFile; fileRef = 29F293E01AED989600B6AF8A /* Coordinate.swift */; };
		29F293E31AEEFA4500B6AF8A /* UserGroupCoordinate.swift in Sources */ = {isa = PBXBuildFile; fileRef = 29F293E21AEEFA4500B6AF8A /* UserGroupCoordinate.swift */; };
		29F9A6D61AC0C31F001A610D /* ConnectionHelper.swift in Sources */ = {isa = PBXBuildFile; fileRef = 29F9A6D51AC0C31F001A610D /* ConnectionHelper.swift */; };
		29F9A6D81AC0C50C001A610D /* BaseTcpConnection.swift in Sources */ = {isa = PBXBuildFile; fileRef = 29F9A6D71AC0C50C001A610D /* BaseTcpConnection.swift */; };
		29FA960A1A45FAC5009BFC19 /* LogQueue.swift in Sources */ = {isa = PBXBuildFile; fileRef = 29FA96091A45FAC5009BFC19 /* LogQueue.swift */; };
		29FA96341A478335009BFC19 /* AccountViewController.swift in Sources */ = {isa = PBXBuildFile; fileRef = 29FA96331A478335009BFC19 /* AccountViewController.swift */; };
		29FA96381A4784EC009BFC19 /* AuthViewController.swift in Sources */ = {isa = PBXBuildFile; fileRef = 29FA96371A4784EC009BFC19 /* AuthViewController.swift */; };
		29FA967C1A50A60A009BFC19 /* libsqlite3.dylib in Frameworks */ = {isa = PBXBuildFile; fileRef = 29FA967B1A50A60A009BFC19 /* libsqlite3.dylib */; };
		4DBA56201D6CCE9D00A28E1F /* MapViewController.swift in Sources */ = {isa = PBXBuildFile; fileRef = 4DBA561F1D6CCE9D00A28E1F /* MapViewController.swift */; };
		F90DB7721A43410F0090146E /* Reachability.m in Sources */ = {isa = PBXBuildFile; fileRef = F90DB7711A43410F0090146E /* Reachability.m */; };
		F946C9B91A3F08A30073A273 /* SendingManager.swift in Sources */ = {isa = PBXBuildFile; fileRef = F946C9B81A3F08A30073A273 /* SendingManager.swift */; };
		F946C9BB1A3FA0C40073A273 /* LocationTracker.swift in Sources */ = {isa = PBXBuildFile; fileRef = F946C9BA1A3FA0C40073A273 /* LocationTracker.swift */; };
/* End PBXBuildFile section */

/* Begin PBXContainerItemProxy section */
		293C95881A34B217005DD4CE /* PBXContainerItemProxy */ = {
			isa = PBXContainerItemProxy;
			containerPortal = 293C95681A34B217005DD4CE /* Project object */;
			proxyType = 1;
			remoteGlobalIDString = 293C956F1A34B217005DD4CE;
			remoteInfo = iOsmo;
		};
/* End PBXContainerItemProxy section */

/* Begin PBXFileReference section */
		293C95701A34B217005DD4CE /* iOsmo.app */ = {isa = PBXFileReference; explicitFileType = wrapper.application; includeInIndex = 0; path = iOsmo.app; sourceTree = BUILT_PRODUCTS_DIR; };
		293C95741A34B217005DD4CE /* Info.plist */ = {isa = PBXFileReference; lastKnownFileType = text.plist.xml; path = Info.plist; sourceTree = "<group>"; };
		293C95751A34B217005DD4CE /* AppDelegate.swift */ = {isa = PBXFileReference; lastKnownFileType = sourcecode.swift; path = AppDelegate.swift; sourceTree = "<group>"; };
		293C95771A34B217005DD4CE /* MonitoringViewController.swift */ = {isa = PBXFileReference; lastKnownFileType = sourcecode.swift; path = MonitoringViewController.swift; sourceTree = "<group>"; };
		293C95791A34B217005DD4CE /* LogViewController.swift */ = {isa = PBXFileReference; lastKnownFileType = sourcecode.swift; path = LogViewController.swift; sourceTree = "<group>"; };
		293C957C1A34B217005DD4CE /* Base */ = {isa = PBXFileReference; lastKnownFileType = file.storyboard; name = Base; path = Base.lproj/Main.storyboard; sourceTree = "<group>"; };
		293C957E1A34B217005DD4CE /* Images.xcassets */ = {isa = PBXFileReference; lastKnownFileType = folder.assetcatalog; path = Images.xcassets; sourceTree = "<group>"; };
		293C95811A34B217005DD4CE /* Base */ = {isa = PBXFileReference; lastKnownFileType = file.xib; name = Base; path = Base.lproj/LaunchScreen.xib; sourceTree = "<group>"; };
		293C95871A34B217005DD4CE /* iOsmoTests.xctest */ = {isa = PBXFileReference; explicitFileType = wrapper.cfbundle; includeInIndex = 0; path = iOsmoTests.xctest; sourceTree = BUILT_PRODUCTS_DIR; };
		293C958C1A34B217005DD4CE /* Info.plist */ = {isa = PBXFileReference; lastKnownFileType = text.plist.xml; path = Info.plist; sourceTree = "<group>"; };
		293C958D1A34B217005DD4CE /* iOsmoTests.swift */ = {isa = PBXFileReference; lastKnownFileType = sourcecode.swift; path = iOsmoTests.swift; sourceTree = "<group>"; };
		293C959F1A34C3CF005DD4CE /* LogQueue.h */ = {isa = PBXFileReference; fileEncoding = 4; lastKnownFileType = sourcecode.c.h; path = LogQueue.h; sourceTree = "<group>"; };
		293C95A01A34C3CF005DD4CE /* LogQueue.m */ = {isa = PBXFileReference; fileEncoding = 4; lastKnownFileType = sourcecode.c.objc; path = LogQueue.m; sourceTree = "<group>"; };
		293C95AB1A34C4D9005DD4CE /* iOsmo-Bridging-Header.h */ = {isa = PBXFileReference; lastKnownFileType = sourcecode.c.h; path = "iOsmo-Bridging-Header.h"; sourceTree = "<group>"; };
		293C95B51A34F63B005DD4CE /* settings.plist */ = {isa = PBXFileReference; fileEncoding = 4; lastKnownFileType = text.plist.xml; path = settings.plist; sourceTree = "<group>"; };
		293C95BB1A3C660F005DD4CE /* ConnectionManager.swift */ = {isa = PBXFileReference; fileEncoding = 4; lastKnownFileType = sourcecode.swift; path = ConnectionManager.swift; sourceTree = "<group>"; };
		293C95C11A3C665E005DD4CE /* ConnectionProtocol.swift */ = {isa = PBXFileReference; fileEncoding = 4; lastKnownFileType = sourcecode.swift; path = ConnectionProtocol.swift; sourceTree = "<group>"; };
		293C95C31A3C6FB1005DD4CE /* LocationModel.swift */ = {isa = PBXFileReference; fileEncoding = 4; lastKnownFileType = sourcecode.swift; path = LocationModel.swift; sourceTree = "<group>"; };
		293C95C51A3C7FAE005DD4CE /* Enums.swift */ = {isa = PBXFileReference; fileEncoding = 4; lastKnownFileType = sourcecode.swift; path = Enums.swift; sourceTree = "<group>"; };
		293C95C71A3D0717005DD4CE /* ConnectionHelperOld.swift */ = {isa = PBXFileReference; fileEncoding = 4; lastKnownFileType = sourcecode.swift; path = ConnectionHelperOld.swift; sourceTree = "<group>"; };
		293C95C91A3D2AA0005DD4CE /* SettingManager.swift */ = {isa = PBXFileReference; fileEncoding = 4; lastKnownFileType = sourcecode.swift; path = SettingManager.swift; sourceTree = "<group>"; };
		293C95CC1A3E3660005DD4CE /* Token.swift */ = {isa = PBXFileReference; fileEncoding = 4; lastKnownFileType = sourcecode.swift; path = Token.swift; sourceTree = "<group>"; };
		29520AB01AD17E2400CC4136 /* ObserverSet.swift */ = {isa = PBXFileReference; fileEncoding = 4; lastKnownFileType = sourcecode.swift; path = ObserverSet.swift; sourceTree = "<group>"; };
		29520AB51AD4838500CC4136 /* GroupManager.swift */ = {isa = PBXFileReference; fileEncoding = 4; lastKnownFileType = sourcecode.swift; path = GroupManager.swift; sourceTree = "<group>"; };
		29520AB71AD5D79100CC4136 /* Group.swift */ = {isa = PBXFileReference; fileEncoding = 4; lastKnownFileType = sourcecode.swift; path = Group.swift; sourceTree = "<group>"; };
		29520AB91AD5D7E700CC4136 /* User.swift */ = {isa = PBXFileReference; fileEncoding = 4; lastKnownFileType = sourcecode.swift; path = User.swift; sourceTree = "<group>"; };
		2982CFB31AC21CC60070A090 /* TcpClient.swift */ = {isa = PBXFileReference; fileEncoding = 4; lastKnownFileType = sourcecode.swift; path = TcpClient.swift; sourceTree = "<group>"; };
		2982CFB51AC230320070A090 /* TcpConnection.swift */ = {isa = PBXFileReference; fileEncoding = 4; lastKnownFileType = sourcecode.swift; path = TcpConnection.swift; sourceTree = "<group>"; };
		2982CFB81AC89E740070A090 /* SessionStatus.swift */ = {isa = PBXFileReference; fileEncoding = 4; lastKnownFileType = sourcecode.swift; path = SessionStatus.swift; sourceTree = "<group>"; };
		2982CFBA1AC89E8E0070A090 /* SessionManager.swift */ = {isa = PBXFileReference; fileEncoding = 4; lastKnownFileType = sourcecode.swift; path = SessionManager.swift; sourceTree = "<group>"; };
		29CCA6231B1676AB00DA0C83 /* Extensions.swift */ = {isa = PBXFileReference; fileEncoding = 4; lastKnownFileType = sourcecode.swift; path = Extensions.swift; sourceTree = "<group>"; };
		29CD67091ACB6EA000656860 /* SessionTimer.swift */ = {isa = PBXFileReference; fileEncoding = 4; lastKnownFileType = sourcecode.swift; path = SessionTimer.swift; sourceTree = "<group>"; };
		29CDE0841A61911900CC5628 /* SettingsViewController.swift */ = {isa = PBXFileReference; fileEncoding = 4; lastKnownFileType = sourcecode.swift; path = SettingsViewController.swift; sourceTree = "<group>"; };
		29CED6BA1A5CB63D008D865A /* Screen Shot 2015-01-07 at 00.10.05.png */ = {isa = PBXFileReference; lastKnownFileType = image.png; path = "Screen Shot 2015-01-07 at 00.10.05.png"; sourceTree = "<group>"; };
		29CED6BC1A5CB659008D865A /* Screen Shot 2015-01-07 at 00.09.29.png */ = {isa = PBXFileReference; lastKnownFileType = image.png; path = "Screen Shot 2015-01-07 at 00.09.29.png"; sourceTree = "<group>"; };
		29DAF9481A703BF200188D8A /* SessionModel.swift */ = {isa = PBXFileReference; fileEncoding = 4; lastKnownFileType = sourcecode.swift; path = SessionModel.swift; sourceTree = "<group>"; };
		29F293E01AED989600B6AF8A /* Coordinate.swift */ = {isa = PBXFileReference; fileEncoding = 4; lastKnownFileType = sourcecode.swift; path = Coordinate.swift; sourceTree = "<group>"; };
		29F293E21AEEFA4500B6AF8A /* UserGroupCoordinate.swift */ = {isa = PBXFileReference; fileEncoding = 4; lastKnownFileType = sourcecode.swift; path = UserGroupCoordinate.swift; sourceTree = "<group>"; };
		29F9A6D51AC0C31F001A610D /* ConnectionHelper.swift */ = {isa = PBXFileReference; fileEncoding = 4; lastKnownFileType = sourcecode.swift; path = ConnectionHelper.swift; sourceTree = "<group>"; };
		29F9A6D71AC0C50C001A610D /* BaseTcpConnection.swift */ = {isa = PBXFileReference; fileEncoding = 4; lastKnownFileType = sourcecode.swift; path = BaseTcpConnection.swift; sourceTree = "<group>"; };
		29FA96091A45FAC5009BFC19 /* LogQueue.swift */ = {isa = PBXFileReference; fileEncoding = 4; lastKnownFileType = sourcecode.swift; path = LogQueue.swift; sourceTree = "<group>"; };
		29FA96331A478335009BFC19 /* AccountViewController.swift */ = {isa = PBXFileReference; fileEncoding = 4; lastKnownFileType = sourcecode.swift; path = AccountViewController.swift; sourceTree = "<group>"; };
		29FA96371A4784EC009BFC19 /* AuthViewController.swift */ = {isa = PBXFileReference; fileEncoding = 4; lastKnownFileType = sourcecode.swift; path = AuthViewController.swift; sourceTree = "<group>"; };
		29FA967B1A50A60A009BFC19 /* libsqlite3.dylib */ = {isa = PBXFileReference; lastKnownFileType = "compiled.mach-o.dylib"; name = libsqlite3.dylib; path = usr/lib/libsqlite3.dylib; sourceTree = SDKROOT; };
		29FA967D1A50A615009BFC19 /* libz.dylib */ = {isa = PBXFileReference; lastKnownFileType = "compiled.mach-o.dylib"; name = libz.dylib; path = usr/lib/libz.dylib; sourceTree = SDKROOT; };
		4DBA561F1D6CCE9D00A28E1F /* MapViewController.swift */ = {isa = PBXFileReference; fileEncoding = 4; lastKnownFileType = sourcecode.swift; path = MapViewController.swift; sourceTree = "<group>"; };
		F90DB7701A43410F0090146E /* Reachability.h */ = {isa = PBXFileReference; fileEncoding = 4; lastKnownFileType = sourcecode.c.h; path = Reachability.h; sourceTree = "<group>"; };
		F90DB7711A43410F0090146E /* Reachability.m */ = {isa = PBXFileReference; fileEncoding = 4; lastKnownFileType = sourcecode.c.objc; path = Reachability.m; sourceTree = "<group>"; };
		F946C9B81A3F08A30073A273 /* SendingManager.swift */ = {isa = PBXFileReference; fileEncoding = 4; lastKnownFileType = sourcecode.swift; path = SendingManager.swift; sourceTree = "<group>"; };
		F946C9BA1A3FA0C40073A273 /* LocationTracker.swift */ = {isa = PBXFileReference; fileEncoding = 4; lastKnownFileType = sourcecode.swift; path = LocationTracker.swift; sourceTree = "<group>"; };
/* End PBXFileReference section */

/* Begin PBXFrameworksBuildPhase section */
		293C956D1A34B217005DD4CE /* Frameworks */ = {
			isa = PBXFrameworksBuildPhase;
			buildActionMask = 2147483647;
			files = (
				29FA967C1A50A60A009BFC19 /* libsqlite3.dylib in Frameworks */,
			);
			runOnlyForDeploymentPostprocessing = 0;
		};
		293C95841A34B217005DD4CE /* Frameworks */ = {
			isa = PBXFrameworksBuildPhase;
			buildActionMask = 2147483647;
			files = (
			);
			runOnlyForDeploymentPostprocessing = 0;
		};
/* End PBXFrameworksBuildPhase section */

/* Begin PBXGroup section */
		293C95671A34B217005DD4CE = {
			isa = PBXGroup;
			children = (
				29FA967D1A50A615009BFC19 /* libz.dylib */,
				29FA967B1A50A60A009BFC19 /* libsqlite3.dylib */,
				293C95721A34B217005DD4CE /* iOsmo */,
				293C958A1A34B217005DD4CE /* iOsmoTests */,
				293C95711A34B217005DD4CE /* Products */,
			);
			sourceTree = "<group>";
		};
		293C95711A34B217005DD4CE /* Products */ = {
			isa = PBXGroup;
			children = (
				293C95701A34B217005DD4CE /* iOsmo.app */,
				293C95871A34B217005DD4CE /* iOsmoTests.xctest */,
			);
			name = Products;
			sourceTree = "<group>";
		};
		293C95721A34B217005DD4CE /* iOsmo */ = {
			isa = PBXGroup;
			children = (
				29520AB41AD4835500CC4136 /* Groups */,
				2982CFB71AC89DDB0070A090 /* Session */,
				29DAF9461A7038E500188D8A /* Location */,
				29DAF9471A7039D200188D8A /* Utility */,
				293C95CB1A3DBD2A005DD4CE /* NotUsed */,
				293C95BA1A3C65E4005DD4CE /* Connection */,
				293C959B1A34BF8E005DD4CE /* ObjC */,
				293C959A1A34BD4A005DD4CE /* Controllers */,
				293C95751A34B217005DD4CE /* AppDelegate.swift */,
				293C957B1A34B217005DD4CE /* Main.storyboard */,
				293C957E1A34B217005DD4CE /* Images.xcassets */,
				293C95801A34B217005DD4CE /* LaunchScreen.xib */,
				293C95731A34B217005DD4CE /* Supporting Files */,
				293C95B51A34F63B005DD4CE /* settings.plist */,
			);
			path = iOsmo;
			sourceTree = "<group>";
		};
		293C95731A34B217005DD4CE /* Supporting Files */ = {
			isa = PBXGroup;
			children = (
				29CED6BA1A5CB63D008D865A /* Screen Shot 2015-01-07 at 00.10.05.png */,
				29CED6BC1A5CB659008D865A /* Screen Shot 2015-01-07 at 00.09.29.png */,
				293C95741A34B217005DD4CE /* Info.plist */,
			);
			name = "Supporting Files";
			sourceTree = "<group>";
		};
		293C958A1A34B217005DD4CE /* iOsmoTests */ = {
			isa = PBXGroup;
			children = (
				293C958D1A34B217005DD4CE /* iOsmoTests.swift */,
				293C958B1A34B217005DD4CE /* Supporting Files */,
			);
			path = iOsmoTests;
			sourceTree = "<group>";
		};
		293C958B1A34B217005DD4CE /* Supporting Files */ = {
			isa = PBXGroup;
			children = (
				293C958C1A34B217005DD4CE /* Info.plist */,
			);
			name = "Supporting Files";
			sourceTree = "<group>";
		};
		293C959A1A34BD4A005DD4CE /* Controllers */ = {
			isa = PBXGroup;
			children = (
				293C95771A34B217005DD4CE /* MonitoringViewController.swift */,
				293C95791A34B217005DD4CE /* LogViewController.swift */,
				29FA96331A478335009BFC19 /* AccountViewController.swift */,
				29FA96371A4784EC009BFC19 /* AuthViewController.swift */,
				29CDE0841A61911900CC5628 /* SettingsViewController.swift */,
				4DBA561F1D6CCE9D00A28E1F /* MapViewController.swift */,
			);
			name = Controllers;
			sourceTree = "<group>";
		};
		293C959B1A34BF8E005DD4CE /* ObjC */ = {
			isa = PBXGroup;
			children = (
				F90DB7701A43410F0090146E /* Reachability.h */,
				F90DB7711A43410F0090146E /* Reachability.m */,
				293C95AB1A34C4D9005DD4CE /* iOsmo-Bridging-Header.h */,
			);
			name = ObjC;
			sourceTree = "<group>";
		};
		293C95BA1A3C65E4005DD4CE /* Connection */ = {
			isa = PBXGroup;
			children = (
				29F9A6D51AC0C31F001A610D /* ConnectionHelper.swift */,
				293C95BB1A3C660F005DD4CE /* ConnectionManager.swift */,
				293C95C11A3C665E005DD4CE /* ConnectionProtocol.swift */,
				293C95CC1A3E3660005DD4CE /* Token.swift */,
				29F9A6D71AC0C50C001A610D /* BaseTcpConnection.swift */,
				2982CFB31AC21CC60070A090 /* TcpClient.swift */,
				2982CFB51AC230320070A090 /* TcpConnection.swift */,
			);
			name = Connection;
			sourceTree = "<group>";
		};
		293C95CB1A3DBD2A005DD4CE /* NotUsed */ = {
			isa = PBXGroup;
			children = (
				293C95C71A3D0717005DD4CE /* ConnectionHelperOld.swift */,
				293C959F1A34C3CF005DD4CE /* LogQueue.h */,
				293C95A01A34C3CF005DD4CE /* LogQueue.m */,
			);
			name = NotUsed;
			sourceTree = "<group>";
		};
		29520AB41AD4835500CC4136 /* Groups */ = {
			isa = PBXGroup;
			children = (
				29520AB51AD4838500CC4136 /* GroupManager.swift */,
				29520AB71AD5D79100CC4136 /* Group.swift */,
				29520AB91AD5D7E700CC4136 /* User.swift */,
				29F293E01AED989600B6AF8A /* Coordinate.swift */,
				29F293E21AEEFA4500B6AF8A /* UserGroupCoordinate.swift */,
			);
			name = Groups;
			sourceTree = "<group>";
		};
		2982CFB71AC89DDB0070A090 /* Session */ = {
			isa = PBXGroup;
			children = (
				29DAF9481A703BF200188D8A /* SessionModel.swift */,
				2982CFB81AC89E740070A090 /* SessionStatus.swift */,
				2982CFBA1AC89E8E0070A090 /* SessionManager.swift */,
				29CD67091ACB6EA000656860 /* SessionTimer.swift */,
				F946C9B81A3F08A30073A273 /* SendingManager.swift */,
			);
			name = Session;
			sourceTree = "<group>";
		};
		29DAF9461A7038E500188D8A /* Location */ = {
			isa = PBXGroup;
			children = (
				F946C9BA1A3FA0C40073A273 /* LocationTracker.swift */,
				293C95C31A3C6FB1005DD4CE /* LocationModel.swift */,
			);
			name = Location;
			sourceTree = "<group>";
		};
		29DAF9471A7039D200188D8A /* Utility */ = {
			isa = PBXGroup;
			children = (
				293C95C51A3C7FAE005DD4CE /* Enums.swift */,
				29520AB01AD17E2400CC4136 /* ObserverSet.swift */,
				29FA96091A45FAC5009BFC19 /* LogQueue.swift */,
				293C95C91A3D2AA0005DD4CE /* SettingManager.swift */,
				29CCA6231B1676AB00DA0C83 /* Extensions.swift */,
			);
			name = Utility;
			sourceTree = "<group>";
		};
/* End PBXGroup section */

/* Begin PBXNativeTarget section */
		293C956F1A34B217005DD4CE /* iOsmo */ = {
			isa = PBXNativeTarget;
			buildConfigurationList = 293C95911A34B217005DD4CE /* Build configuration list for PBXNativeTarget "iOsmo" */;
			buildPhases = (
				293C956C1A34B217005DD4CE /* Sources */,
				293C956D1A34B217005DD4CE /* Frameworks */,
				293C956E1A34B217005DD4CE /* Resources */,
				4DC655361D6249A200A9BE10 /* ShellScript */,
			);
			buildRules = (
			);
			dependencies = (
			);
			name = iOsmo;
			productName = iOsmo;
			productReference = 293C95701A34B217005DD4CE /* iOsmo.app */;
			productType = "com.apple.product-type.application";
		};
		293C95861A34B217005DD4CE /* iOsmoTests */ = {
			isa = PBXNativeTarget;
			buildConfigurationList = 293C95941A34B217005DD4CE /* Build configuration list for PBXNativeTarget "iOsmoTests" */;
			buildPhases = (
				293C95831A34B217005DD4CE /* Sources */,
				293C95841A34B217005DD4CE /* Frameworks */,
				293C95851A34B217005DD4CE /* Resources */,
			);
			buildRules = (
			);
			dependencies = (
				293C95891A34B217005DD4CE /* PBXTargetDependency */,
			);
			name = iOsmoTests;
			productName = iOsmoTests;
			productReference = 293C95871A34B217005DD4CE /* iOsmoTests.xctest */;
			productType = "com.apple.product-type.bundle.unit-test";
		};
/* End PBXNativeTarget section */

/* Begin PBXProject section */
		293C95681A34B217005DD4CE /* Project object */ = {
			isa = PBXProject;
			attributes = {
				LastSwiftUpdateCheck = 0730;
				LastUpgradeCheck = 0730;
				ORGANIZATIONNAME = "Alexey Sirotkin";
				TargetAttributes = {
					293C956F1A34B217005DD4CE = {
						CreatedOnToolsVersion = 6.1.1;
						DevelopmentTeam = SF5DP65BZ4;
						SystemCapabilities = {
							com.apple.BackgroundModes = {
								enabled = 1;
							};
						};
					};
					293C95861A34B217005DD4CE = {
						CreatedOnToolsVersion = 6.1.1;
						TestTargetID = 293C956F1A34B217005DD4CE;
					};
				};
			};
			buildConfigurationList = 293C956B1A34B217005DD4CE /* Build configuration list for PBXProject "iOsMo" */;
			compatibilityVersion = "Xcode 3.2";
			developmentRegion = English;
			hasScannedForEncodings = 0;
			knownRegions = (
				en,
				Base,
			);
			mainGroup = 293C95671A34B217005DD4CE;
			productRefGroup = 293C95711A34B217005DD4CE /* Products */;
			projectDirPath = "";
			projectRoot = "";
			targets = (
				293C956F1A34B217005DD4CE /* iOsmo */,
				293C95861A34B217005DD4CE /* iOsmoTests */,
			);
		};
/* End PBXProject section */

/* Begin PBXResourcesBuildPhase section */
		293C956E1A34B217005DD4CE /* Resources */ = {
			isa = PBXResourcesBuildPhase;
			buildActionMask = 2147483647;
			files = (
				29CED6BB1A5CB63D008D865A /* Screen Shot 2015-01-07 at 00.10.05.png in Resources */,
				293C957D1A34B217005DD4CE /* Main.storyboard in Resources */,
				293C95B61A34F63B005DD4CE /* settings.plist in Resources */,
				29CED6BD1A5CB659008D865A /* Screen Shot 2015-01-07 at 00.09.29.png in Resources */,
				293C95821A34B217005DD4CE /* LaunchScreen.xib in Resources */,
				293C957F1A34B217005DD4CE /* Images.xcassets in Resources */,
			);
			runOnlyForDeploymentPostprocessing = 0;
		};
		293C95851A34B217005DD4CE /* Resources */ = {
			isa = PBXResourcesBuildPhase;
			buildActionMask = 2147483647;
			files = (
			);
			runOnlyForDeploymentPostprocessing = 0;
		};
/* End PBXResourcesBuildPhase section */

/* Begin PBXShellScriptBuildPhase section */
		4DC655361D6249A200A9BE10 /* ShellScript */ = {
			isa = PBXShellScriptBuildPhase;
			buildActionMask = 2147483647;
			files = (
			);
			inputPaths = (
			);
			outputPaths = (
			);
			runOnlyForDeploymentPostprocessing = 0;
			shellPath = /bin/sh;
			shellScript = "";
		};
/* End PBXShellScriptBuildPhase section */

/* Begin PBXSourcesBuildPhase section */
		293C956C1A34B217005DD4CE /* Sources */ = {
			isa = PBXSourcesBuildPhase;
			buildActionMask = 2147483647;
			files = (
				29FA960A1A45FAC5009BFC19 /* LogQueue.swift in Sources */,
				293C95BC1A3C660F005DD4CE /* ConnectionManager.swift in Sources */,
				29F293E11AED989600B6AF8A /* Coordinate.swift in Sources */,
				29CDE0851A61911900CC5628 /* SettingsViewController.swift in Sources */,
				29520AB81AD5D79100CC4136 /* Group.swift in Sources */,
				293C957A1A34B217005DD4CE /* LogViewController.swift in Sources */,
				29520AB61AD4838500CC4136 /* GroupManager.swift in Sources */,
				29520AB11AD17E2400CC4136 /* ObserverSet.swift in Sources */,
				29F293E31AEEFA4500B6AF8A /* UserGroupCoordinate.swift in Sources */,
				29DAF9491A703BF200188D8A /* SessionModel.swift in Sources */,
				29F9A6D81AC0C50C001A610D /* BaseTcpConnection.swift in Sources */,
				293C95C61A3C7FAE005DD4CE /* Enums.swift in Sources */,
				2982CFB41AC21CC60070A090 /* TcpClient.swift in Sources */,
				293C95A31A34C3CF005DD4CE /* LogQueue.m in Sources */,
				293C95C41A3C6FB1005DD4CE /* LocationModel.swift in Sources */,
				293C95CD1A3E3660005DD4CE /* Token.swift in Sources */,
				293C95761A34B217005DD4CE /* AppDelegate.swift in Sources */,
				2982CFBB1AC89E8E0070A090 /* SessionManager.swift in Sources */,
				2982CFB91AC89E740070A090 /* SessionStatus.swift in Sources */,
				F946C9BB1A3FA0C40073A273 /* LocationTracker.swift in Sources */,
				29520ABA1AD5D7E700CC4136 /* User.swift in Sources */,
				293C95CA1A3D2AA0005DD4CE /* SettingManager.swift in Sources */,
				F90DB7721A43410F0090146E /* Reachability.m in Sources */,
				29F9A6D61AC0C31F001A610D /* ConnectionHelper.swift in Sources */,
				29FA96341A478335009BFC19 /* AccountViewController.swift in Sources */,
				293C95781A34B217005DD4CE /* MonitoringViewController.swift in Sources */,
				2982CFB61AC230320070A090 /* TcpConnection.swift in Sources */,
				29CD670A1ACB6EA000656860 /* SessionTimer.swift in Sources */,
				293C95C21A3C665E005DD4CE /* ConnectionProtocol.swift in Sources */,
				29FA96381A4784EC009BFC19 /* AuthViewController.swift in Sources */,
				F946C9B91A3F08A30073A273 /* SendingManager.swift in Sources */,
				29CCA6241B1676AB00DA0C83 /* Extensions.swift in Sources */,
				293C95C81A3D0717005DD4CE /* ConnectionHelperOld.swift in Sources */,
				4DBA56201D6CCE9D00A28E1F /* MapViewController.swift in Sources */,
			);
			runOnlyForDeploymentPostprocessing = 0;
		};
		293C95831A34B217005DD4CE /* Sources */ = {
			isa = PBXSourcesBuildPhase;
			buildActionMask = 2147483647;
			files = (
				293C958E1A34B217005DD4CE /* iOsmoTests.swift in Sources */,
			);
			runOnlyForDeploymentPostprocessing = 0;
		};
/* End PBXSourcesBuildPhase section */

/* Begin PBXTargetDependency section */
		293C95891A34B217005DD4CE /* PBXTargetDependency */ = {
			isa = PBXTargetDependency;
			target = 293C956F1A34B217005DD4CE /* iOsmo */;
			targetProxy = 293C95881A34B217005DD4CE /* PBXContainerItemProxy */;
		};
/* End PBXTargetDependency section */

/* Begin PBXVariantGroup section */
		293C957B1A34B217005DD4CE /* Main.storyboard */ = {
			isa = PBXVariantGroup;
			children = (
				293C957C1A34B217005DD4CE /* Base */,
			);
			name = Main.storyboard;
			sourceTree = "<group>";
		};
		293C95801A34B217005DD4CE /* LaunchScreen.xib */ = {
			isa = PBXVariantGroup;
			children = (
				293C95811A34B217005DD4CE /* Base */,
			);
			name = LaunchScreen.xib;
			sourceTree = "<group>";
		};
/* End PBXVariantGroup section */

/* Begin XCBuildConfiguration section */
		293C958F1A34B217005DD4CE /* Debug */ = {
			isa = XCBuildConfiguration;
			buildSettings = {
				ALWAYS_SEARCH_USER_PATHS = NO;
				CLANG_CXX_LANGUAGE_STANDARD = "gnu++0x";
				CLANG_CXX_LIBRARY = "libc++";
				CLANG_ENABLE_MODULES = YES;
				CLANG_ENABLE_OBJC_ARC = YES;
				CLANG_WARN_BOOL_CONVERSION = YES;
				CLANG_WARN_CONSTANT_CONVERSION = YES;
				CLANG_WARN_DIRECT_OBJC_ISA_USAGE = YES_ERROR;
				CLANG_WARN_EMPTY_BODY = YES;
				CLANG_WARN_ENUM_CONVERSION = YES;
				CLANG_WARN_INT_CONVERSION = YES;
				CLANG_WARN_OBJC_ROOT_CLASS = YES_ERROR;
				CLANG_WARN_UNREACHABLE_CODE = YES;
				CLANG_WARN__DUPLICATE_METHOD_MATCH = YES;
				"CODE_SIGN_IDENTITY[sdk=iphoneos*]" = "iPhone Developer";
				COPY_PHASE_STRIP = NO;
				ENABLE_STRICT_OBJC_MSGSEND = YES;
				ENABLE_TESTABILITY = YES;
				GCC_C_LANGUAGE_STANDARD = gnu99;
				GCC_DYNAMIC_NO_PIC = NO;
				GCC_OPTIMIZATION_LEVEL = 0;
				GCC_PREPROCESSOR_DEFINITIONS = (
					"DEBUG=1",
					"$(inherited)",
				);
				GCC_SYMBOLS_PRIVATE_EXTERN = NO;
				GCC_WARN_64_TO_32_BIT_CONVERSION = YES;
				GCC_WARN_ABOUT_RETURN_TYPE = YES_ERROR;
				GCC_WARN_UNDECLARED_SELECTOR = YES;
				GCC_WARN_UNINITIALIZED_AUTOS = YES_AGGRESSIVE;
				GCC_WARN_UNUSED_FUNCTION = YES;
				GCC_WARN_UNUSED_VARIABLE = YES;
				IPHONEOS_DEPLOYMENT_TARGET = 7.1;
				MTL_ENABLE_DEBUG_INFO = YES;
				ONLY_ACTIVE_ARCH = YES;
				SDKROOT = iphoneos;
				SWIFT_OPTIMIZATION_LEVEL = "-Onone";
			};
			name = Debug;
		};
		293C95901A34B217005DD4CE /* Release */ = {
			isa = XCBuildConfiguration;
			buildSettings = {
				ALWAYS_SEARCH_USER_PATHS = NO;
				CLANG_CXX_LANGUAGE_STANDARD = "gnu++0x";
				CLANG_CXX_LIBRARY = "libc++";
				CLANG_ENABLE_MODULES = YES;
				CLANG_ENABLE_OBJC_ARC = YES;
				CLANG_WARN_BOOL_CONVERSION = YES;
				CLANG_WARN_CONSTANT_CONVERSION = YES;
				CLANG_WARN_DIRECT_OBJC_ISA_USAGE = YES_ERROR;
				CLANG_WARN_EMPTY_BODY = YES;
				CLANG_WARN_ENUM_CONVERSION = YES;
				CLANG_WARN_INT_CONVERSION = YES;
				CLANG_WARN_OBJC_ROOT_CLASS = YES_ERROR;
				CLANG_WARN_UNREACHABLE_CODE = YES;
				CLANG_WARN__DUPLICATE_METHOD_MATCH = YES;
				"CODE_SIGN_IDENTITY[sdk=iphoneos*]" = "iPhone Developer";
				COPY_PHASE_STRIP = YES;
				ENABLE_NS_ASSERTIONS = NO;
				ENABLE_STRICT_OBJC_MSGSEND = YES;
				GCC_C_LANGUAGE_STANDARD = gnu99;
				GCC_WARN_64_TO_32_BIT_CONVERSION = YES;
				GCC_WARN_ABOUT_RETURN_TYPE = YES_ERROR;
				GCC_WARN_UNDECLARED_SELECTOR = YES;
				GCC_WARN_UNINITIALIZED_AUTOS = YES_AGGRESSIVE;
				GCC_WARN_UNUSED_FUNCTION = YES;
				GCC_WARN_UNUSED_VARIABLE = YES;
				IPHONEOS_DEPLOYMENT_TARGET = 7.1;
				MTL_ENABLE_DEBUG_INFO = NO;
				SDKROOT = iphoneos;
				VALIDATE_PRODUCT = YES;
			};
			name = Release;
		};
		293C95921A34B217005DD4CE /* Debug */ = {
			isa = XCBuildConfiguration;
			buildSettings = {
				ASSETCATALOG_COMPILER_APPICON_NAME = AppIcon;
				CODE_SIGN_IDENTITY = "iPhone Developer";
				"CODE_SIGN_IDENTITY[sdk=iphoneos*]" = "iPhone Developer";
				DEFINES_MODULE = YES;
				ENABLE_BITCODE = NO;
				FRAMEWORK_SEARCH_PATHS = (
					"$(inherited)",
					"$(PROJECT_DIR)/iOsmo/mapbox-ios-sdk-3/dynamic",
				);
				GCC_PREFIX_HEADER = "";
				INFOPLIST_FILE = iOsmo/Info.plist;
				IPHONEOS_DEPLOYMENT_TARGET = 8.0;
				LD_RUNPATH_SEARCH_PATHS = "$(inherited) @executable_path/Frameworks";
				LIBRARY_SEARCH_PATHS = (
					"$(inherited)",
					"$(PROJECT_DIR)/iOsmo/Mapbox-iOS-SDK-1.4.1",
				);
				OTHER_LDFLAGS = "";
				PRODUCT_BUNDLE_IDENTIFIER = alexey.sirotkin.iosmo;
				PRODUCT_NAME = "$(TARGET_NAME)";
				PROVISIONING_PROFILE = "";
				SWIFT_INSTALL_OBJC_HEADER = YES;
				SWIFT_OBJC_BRIDGING_HEADER = "iOsmo/iOsmo-Bridging-Header.h";
				TARGETED_DEVICE_FAMILY = "1,2";
			};
			name = Debug;
		};
		293C95931A34B217005DD4CE /* Release */ = {
			isa = XCBuildConfiguration;
			buildSettings = {
				ASSETCATALOG_COMPILER_APPICON_NAME = AppIcon;
				CODE_SIGN_IDENTITY = "iPhone Developer";
				"CODE_SIGN_IDENTITY[sdk=iphoneos*]" = "iPhone Developer";
				DEFINES_MODULE = NO;
				ENABLE_BITCODE = NO;
				FRAMEWORK_SEARCH_PATHS = (
					"$(inherited)",
					"$(PROJECT_DIR)/iOsmo/mapbox-ios-sdk-3/dynamic",
				);
				GCC_PREFIX_HEADER = "";
				INFOPLIST_FILE = iOsmo/Info.plist;
				IPHONEOS_DEPLOYMENT_TARGET = 8.0;
				LD_RUNPATH_SEARCH_PATHS = "$(inherited) @executable_path/Frameworks";
				LIBRARY_SEARCH_PATHS = (
					"$(inherited)",
					"$(PROJECT_DIR)/iOsmo/Mapbox-iOS-SDK-1.4.1",
				);
				OTHER_LDFLAGS = "";
				PRODUCT_BUNDLE_IDENTIFIER = alexey.sirotkin.iosmo;
				PRODUCT_NAME = "$(TARGET_NAME)";
				PROVISIONING_PROFILE = "";
				SWIFT_INSTALL_OBJC_HEADER = YES;
				SWIFT_OBJC_BRIDGING_HEADER = "iOsmo/iOsmo-Bridging-Header.h";
				TARGETED_DEVICE_FAMILY = "1,2";
			};
			name = Release;
		};
		293C95951A34B217005DD4CE /* Debug */ = {
			isa = XCBuildConfiguration;
			buildSettings = {
				BUNDLE_LOADER = "$(TEST_HOST)";
				FRAMEWORK_SEARCH_PATHS = (
					"$(SDKROOT)/Developer/Library/Frameworks",
					"$(inherited)",
				);
				GCC_PREPROCESSOR_DEFINITIONS = (
					"DEBUG=1",
					"$(inherited)",
				);
				INFOPLIST_FILE = iOsmoTests/Info.plist;
				LD_RUNPATH_SEARCH_PATHS = "$(inherited) @executable_path/Frameworks @loader_path/Frameworks";
				PRODUCT_BUNDLE_IDENTIFIER = "olame.$(PRODUCT_NAME:rfc1034identifier)";
				PRODUCT_NAME = "$(TARGET_NAME)";
				TEST_HOST = "$(BUILT_PRODUCTS_DIR)/iOsmo.app/iOsmo";
			};
			name = Debug;
		};
		293C95961A34B217005DD4CE /* Release */ = {
			isa = XCBuildConfiguration;
			buildSettings = {
				BUNDLE_LOADER = "$(TEST_HOST)";
				FRAMEWORK_SEARCH_PATHS = (
					"$(SDKROOT)/Developer/Library/Frameworks",
					"$(inherited)",
				);
				INFOPLIST_FILE = iOsmoTests/Info.plist;
				LD_RUNPATH_SEARCH_PATHS = "$(inherited) @executable_path/Frameworks @loader_path/Frameworks";
				PRODUCT_BUNDLE_IDENTIFIER = "olame.$(PRODUCT_NAME:rfc1034identifier)";
				PRODUCT_NAME = "$(TARGET_NAME)";
				TEST_HOST = "$(BUILT_PRODUCTS_DIR)/iOsmo.app/iOsmo";
			};
			name = Release;
		};
/* End XCBuildConfiguration section */

/* Begin XCConfigurationList section */
		293C956B1A34B217005DD4CE /* Build configuration list for PBXProject "iOsMo" */ = {
			isa = XCConfigurationList;
			buildConfigurations = (
				293C958F1A34B217005DD4CE /* Debug */,
				293C95901A34B217005DD4CE /* Release */,
			);
			defaultConfigurationIsVisible = 0;
			defaultConfigurationName = Release;
		};
		293C95911A34B217005DD4CE /* Build configuration list for PBXNativeTarget "iOsmo" */ = {
			isa = XCConfigurationList;
			buildConfigurations = (
				293C95921A34B217005DD4CE /* Debug */,
				293C95931A34B217005DD4CE /* Release */,
			);
			defaultConfigurationIsVisible = 0;
			defaultConfigurationName = Release;
		};
		293C95941A34B217005DD4CE /* Build configuration list for PBXNativeTarget "iOsmoTests" */ = {
			isa = XCConfigurationList;
			buildConfigurations = (
				293C95951A34B217005DD4CE /* Debug */,
				293C95961A34B217005DD4CE /* Release */,
			);
			defaultConfigurationIsVisible = 0;
			defaultConfigurationName = Release;
		};
/* End XCConfigurationList section */
	};
	rootObject = 293C95681A34B217005DD4CE /* Project object */;
}
